
Microsoft Visual Studio Solution File, Format Version 12.00
# Visual Studio Version 16
VisualStudioVersion = 16.0.31424.327
MinimumVisualStudioVersion = 10.0.40219.1
Project("{FAE04EC0-301F-11D3-BF4B-00C04F79EFBC}") = "Lesson_12_08_21", "Lesson_12_08_21.csproj", "{D3B1853D-C1B3-4FE6-B76F-BE4FC0B295CC}"
EndProject
Global
	GlobalSection(SolutionConfigurationPlatforms) = preSolution
		Debug|Any CPU = Debug|Any CPU
		Release|Any CPU = Release|Any CPU
	EndGlobalSection
	GlobalSection(ProjectConfigurationPlatforms) = postSolution
		{D3B1853D-C1B3-4FE6-B76F-BE4FC0B295CC}.Debug|Any CPU.ActiveCfg = Debug|Any CPU
		{D3B1853D-C1B3-4FE6-B76F-BE4FC0B295CC}.Debug|Any CPU.Build.0 = Debug|Any CPU
		{D3B1853D-C1B3-4FE6-B76F-BE4FC0B295CC}.Release|Any CPU.ActiveCfg = Release|Any CPU
		{D3B1853D-C1B3-4FE6-B76F-BE4FC0B295CC}.Release|Any CPU.Build.0 = Release|Any CPU
	EndGlobalSection
	GlobalSection(SolutionProperties) = preSolution
		HideSolutionNode = FALSE
	EndGlobalSection
	GlobalSection(ExtensibilityGlobals) = postSolution
		SolutionGuid = {615CB97D-C992-4B30-9278-C1775DDD1799}
	EndGlobalSection
EndGlobal
