
Microsoft Visual Studio Solution File, Format Version 12.00
# Visual Studio Version 16
VisualStudioVersion = 16.0.30523.141
MinimumVisualStudioVersion = 10.0.40219.1
Project("{FAE04EC0-301F-11D3-BF4B-00C04F79EFBC}") = "Builder", "Builder.csproj", "{EA7A43D2-2558-4D3D-9D87-79B705D3A838}"
EndProject
Global
	GlobalSection(SolutionConfigurationPlatforms) = preSolution
		Debug|Any CPU = Debug|Any CPU
		Release|Any CPU = Release|Any CPU
	EndGlobalSection
	GlobalSection(ProjectConfigurationPlatforms) = postSolution
		{EA7A43D2-2558-4D3D-9D87-79B705D3A838}.Debug|Any CPU.ActiveCfg = Debug|Any CPU
		{EA7A43D2-2558-4D3D-9D87-79B705D3A838}.Debug|Any CPU.Build.0 = Debug|Any CPU
		{EA7A43D2-2558-4D3D-9D87-79B705D3A838}.Release|Any CPU.ActiveCfg = Release|Any CPU
		{EA7A43D2-2558-4D3D-9D87-79B705D3A838}.Release|Any CPU.Build.0 = Release|Any CPU
	EndGlobalSection
	GlobalSection(SolutionProperties) = preSolution
		HideSolutionNode = FALSE
	EndGlobalSection
	GlobalSection(ExtensibilityGlobals) = postSolution
		SolutionGuid = {FADC699C-383E-4384-98C8-6AC67BF6093D}
	EndGlobalSection
EndGlobal
