
Microsoft Visual Studio Solution File, Format Version 12.00
# Visual Studio Version 16
VisualStudioVersion = 16.0.30804.86
MinimumVisualStudioVersion = 10.0.40219.1
Project("{FAE04EC0-301F-11D3-BF4B-00C04F79EFBC}") = "Contact App", "Contact App.csproj", "{53778128-3EEE-49FF-A6DC-8A40BCDEFD50}"
EndProject
Global
	GlobalSection(SolutionConfigurationPlatforms) = preSolution
		Debug|Any CPU = Debug|Any CPU
		Release|Any CPU = Release|Any CPU
	EndGlobalSection
	GlobalSection(ProjectConfigurationPlatforms) = postSolution
		{53778128-3EEE-49FF-A6DC-8A40BCDEFD50}.Debug|Any CPU.ActiveCfg = Debug|Any CPU
		{53778128-3EEE-49FF-A6DC-8A40BCDEFD50}.Debug|Any CPU.Build.0 = Debug|Any CPU
		{53778128-3EEE-49FF-A6DC-8A40BCDEFD50}.Release|Any CPU.ActiveCfg = Release|Any CPU
		{53778128-3EEE-49FF-A6DC-8A40BCDEFD50}.Release|Any CPU.Build.0 = Release|Any CPU
	EndGlobalSection
	GlobalSection(SolutionProperties) = preSolution
		HideSolutionNode = FALSE
	EndGlobalSection
	GlobalSection(ExtensibilityGlobals) = postSolution
		SolutionGuid = {848B917F-E5B5-40A8-98C2-5403D23EE94E}
	EndGlobalSection
EndGlobal
