
Microsoft Visual Studio Solution File, Format Version 12.00
# Visual Studio Version 16
VisualStudioVersion = 16.0.30523.141
MinimumVisualStudioVersion = 10.0.40219.1
Project("{FAE04EC0-301F-11D3-BF4B-00C04F79EFBC}") = "Visitor", "Visitor.csproj", "{7A397954-CF76-46EC-AA77-0617F826044D}"
EndProject
Global
	GlobalSection(SolutionConfigurationPlatforms) = preSolution
		Debug|Any CPU = Debug|Any CPU
		Release|Any CPU = Release|Any CPU
	EndGlobalSection
	GlobalSection(ProjectConfigurationPlatforms) = postSolution
		{7A397954-CF76-46EC-AA77-0617F826044D}.Debug|Any CPU.ActiveCfg = Debug|Any CPU
		{7A397954-CF76-46EC-AA77-0617F826044D}.Debug|Any CPU.Build.0 = Debug|Any CPU
		{7A397954-CF76-46EC-AA77-0617F826044D}.Release|Any CPU.ActiveCfg = Release|Any CPU
		{7A397954-CF76-46EC-AA77-0617F826044D}.Release|Any CPU.Build.0 = Release|Any CPU
	EndGlobalSection
	GlobalSection(SolutionProperties) = preSolution
		HideSolutionNode = FALSE
	EndGlobalSection
	GlobalSection(ExtensibilityGlobals) = postSolution
		SolutionGuid = {3B91BBFD-413B-4A38-9EAF-D2966F89C09E}
	EndGlobalSection
EndGlobal
