
Microsoft Visual Studio Solution File, Format Version 12.00
# Visual Studio Version 16
VisualStudioVersion = 16.0.30413.136
MinimumVisualStudioVersion = 10.0.40219.1
Project("{FAE04EC0-301F-11D3-BF4B-00C04F79EFBC}") = "Lesson_17_09_20_Event", "Lesson_17_09_20_Event.csproj", "{DF91CB59-4A18-4AB8-B64D-1331AF3DE116}"
EndProject
Global
	GlobalSection(SolutionConfigurationPlatforms) = preSolution
		Debug|Any CPU = Debug|Any CPU
		Release|Any CPU = Release|Any CPU
	EndGlobalSection
	GlobalSection(ProjectConfigurationPlatforms) = postSolution
		{DF91CB59-4A18-4AB8-B64D-1331AF3DE116}.Debug|Any CPU.ActiveCfg = Debug|Any CPU
		{DF91CB59-4A18-4AB8-B64D-1331AF3DE116}.Debug|Any CPU.Build.0 = Debug|Any CPU
		{DF91CB59-4A18-4AB8-B64D-1331AF3DE116}.Release|Any CPU.ActiveCfg = Release|Any CPU
		{DF91CB59-4A18-4AB8-B64D-1331AF3DE116}.Release|Any CPU.Build.0 = Release|Any CPU
	EndGlobalSection
	GlobalSection(SolutionProperties) = preSolution
		HideSolutionNode = FALSE
	EndGlobalSection
	GlobalSection(ExtensibilityGlobals) = postSolution
		SolutionGuid = {E751D8AB-6B31-48A0-8519-5A6F93441E60}
	EndGlobalSection
EndGlobal
