
Microsoft Visual Studio Solution File, Format Version 12.00
# Visual Studio Version 16
VisualStudioVersion = 16.0.30523.141
MinimumVisualStudioVersion = 10.0.40219.1
Project("{FAE04EC0-301F-11D3-BF4B-00C04F79EFBC}") = "Command", "Command.csproj", "{C9DCB375-6D45-4488-A2CF-B1967696928E}"
EndProject
Global
	GlobalSection(SolutionConfigurationPlatforms) = preSolution
		Debug|Any CPU = Debug|Any CPU
		Release|Any CPU = Release|Any CPU
	EndGlobalSection
	GlobalSection(ProjectConfigurationPlatforms) = postSolution
		{C9DCB375-6D45-4488-A2CF-B1967696928E}.Debug|Any CPU.ActiveCfg = Debug|Any CPU
		{C9DCB375-6D45-4488-A2CF-B1967696928E}.Debug|Any CPU.Build.0 = Debug|Any CPU
		{C9DCB375-6D45-4488-A2CF-B1967696928E}.Release|Any CPU.ActiveCfg = Release|Any CPU
		{C9DCB375-6D45-4488-A2CF-B1967696928E}.Release|Any CPU.Build.0 = Release|Any CPU
	EndGlobalSection
	GlobalSection(SolutionProperties) = preSolution
		HideSolutionNode = FALSE
	EndGlobalSection
	GlobalSection(ExtensibilityGlobals) = postSolution
		SolutionGuid = {252F7708-68CB-41DC-A070-112C949A3C5D}
	EndGlobalSection
EndGlobal
