
Microsoft Visual Studio Solution File, Format Version 12.00
# Visual Studio Version 16
VisualStudioVersion = 16.0.30523.141
MinimumVisualStudioVersion = 10.0.40219.1
Project("{FAE04EC0-301F-11D3-BF4B-00C04F79EFBC}") = "Controls", "Controls.csproj", "{802421CC-5EC9-4F6A-85DF-90029EE90A0E}"
EndProject
Global
	GlobalSection(SolutionConfigurationPlatforms) = preSolution
		Debug|Any CPU = Debug|Any CPU
		Release|Any CPU = Release|Any CPU
	EndGlobalSection
	GlobalSection(ProjectConfigurationPlatforms) = postSolution
		{802421CC-5EC9-4F6A-85DF-90029EE90A0E}.Debug|Any CPU.ActiveCfg = Debug|Any CPU
		{802421CC-5EC9-4F6A-85DF-90029EE90A0E}.Debug|Any CPU.Build.0 = Debug|Any CPU
		{802421CC-5EC9-4F6A-85DF-90029EE90A0E}.Release|Any CPU.ActiveCfg = Release|Any CPU
		{802421CC-5EC9-4F6A-85DF-90029EE90A0E}.Release|Any CPU.Build.0 = Release|Any CPU
	EndGlobalSection
	GlobalSection(SolutionProperties) = preSolution
		HideSolutionNode = FALSE
	EndGlobalSection
	GlobalSection(ExtensibilityGlobals) = postSolution
		SolutionGuid = {53D0DF19-B1F6-4A9E-A235-0591135FD81F}
	EndGlobalSection
EndGlobal
