
Microsoft Visual Studio Solution File, Format Version 12.00
# Visual Studio Version 16
VisualStudioVersion = 16.0.30523.141
MinimumVisualStudioVersion = 10.0.40219.1
Project("{FAE04EC0-301F-11D3-BF4B-00C04F79EFBC}") = "IoC", "IoC.csproj", "{9C962216-AFC2-4DE7-85A8-DA89B852B4E0}"
EndProject
Global
	GlobalSection(SolutionConfigurationPlatforms) = preSolution
		Debug|Any CPU = Debug|Any CPU
		Release|Any CPU = Release|Any CPU
	EndGlobalSection
	GlobalSection(ProjectConfigurationPlatforms) = postSolution
		{9C962216-AFC2-4DE7-85A8-DA89B852B4E0}.Debug|Any CPU.ActiveCfg = Debug|Any CPU
		{9C962216-AFC2-4DE7-85A8-DA89B852B4E0}.Debug|Any CPU.Build.0 = Debug|Any CPU
		{9C962216-AFC2-4DE7-85A8-DA89B852B4E0}.Release|Any CPU.ActiveCfg = Release|Any CPU
		{9C962216-AFC2-4DE7-85A8-DA89B852B4E0}.Release|Any CPU.Build.0 = Release|Any CPU
	EndGlobalSection
	GlobalSection(SolutionProperties) = preSolution
		HideSolutionNode = FALSE
	EndGlobalSection
	GlobalSection(ExtensibilityGlobals) = postSolution
		SolutionGuid = {F3590F5A-E893-44C5-9C97-93B64BAD3D3F}
	EndGlobalSection
EndGlobal
