
Microsoft Visual Studio Solution File, Format Version 12.00
# Visual Studio Version 16
VisualStudioVersion = 16.0.30413.136
MinimumVisualStudioVersion = 10.0.40219.1
Project("{FAE04EC0-301F-11D3-BF4B-00C04F79EFBC}") = "Lesson_07_09_20_Exceptions_Indexers", "Lesson_07_09_20_Exceptions_Indexers.csproj", "{5278F9D8-0787-4547-BE50-9E9730873729}"
EndProject
Global
	GlobalSection(SolutionConfigurationPlatforms) = preSolution
		Debug|Any CPU = Debug|Any CPU
		Release|Any CPU = Release|Any CPU
	EndGlobalSection
	GlobalSection(ProjectConfigurationPlatforms) = postSolution
		{5278F9D8-0787-4547-BE50-9E9730873729}.Debug|Any CPU.ActiveCfg = Debug|Any CPU
		{5278F9D8-0787-4547-BE50-9E9730873729}.Debug|Any CPU.Build.0 = Debug|Any CPU
		{5278F9D8-0787-4547-BE50-9E9730873729}.Release|Any CPU.ActiveCfg = Release|Any CPU
		{5278F9D8-0787-4547-BE50-9E9730873729}.Release|Any CPU.Build.0 = Release|Any CPU
	EndGlobalSection
	GlobalSection(SolutionProperties) = preSolution
		HideSolutionNode = FALSE
	EndGlobalSection
	GlobalSection(ExtensibilityGlobals) = postSolution
		SolutionGuid = {259AC5AC-F703-4950-9800-A1C0EDA0F005}
	EndGlobalSection
EndGlobal
