
Microsoft Visual Studio Solution File, Format Version 12.00
# Visual Studio Version 16
VisualStudioVersion = 16.0.30804.86
MinimumVisualStudioVersion = 10.0.40219.1
Project("{FAE04EC0-301F-11D3-BF4B-00C04F79EFBC}") = "AdoIntro", "AdoIntro.csproj", "{61E47BD8-2EB4-4106-895E-791B1A0BAC95}"
EndProject
Global
	GlobalSection(SolutionConfigurationPlatforms) = preSolution
		Debug|Any CPU = Debug|Any CPU
		Release|Any CPU = Release|Any CPU
	EndGlobalSection
	GlobalSection(ProjectConfigurationPlatforms) = postSolution
		{61E47BD8-2EB4-4106-895E-791B1A0BAC95}.Debug|Any CPU.ActiveCfg = Debug|Any CPU
		{61E47BD8-2EB4-4106-895E-791B1A0BAC95}.Debug|Any CPU.Build.0 = Debug|Any CPU
		{61E47BD8-2EB4-4106-895E-791B1A0BAC95}.Release|Any CPU.ActiveCfg = Release|Any CPU
		{61E47BD8-2EB4-4106-895E-791B1A0BAC95}.Release|Any CPU.Build.0 = Release|Any CPU
	EndGlobalSection
	GlobalSection(SolutionProperties) = preSolution
		HideSolutionNode = FALSE
	EndGlobalSection
	GlobalSection(ExtensibilityGlobals) = postSolution
		SolutionGuid = {4D637B3C-E7FF-46C5-A745-9430173EA16F}
	EndGlobalSection
EndGlobal
