
Microsoft Visual Studio Solution File, Format Version 12.00
# Visual Studio Version 16
VisualStudioVersion = 16.0.31105.61
MinimumVisualStudioVersion = 10.0.40219.1
Project("{FAE04EC0-301F-11D3-BF4B-00C04F79EFBC}") = "Lesson_16_03_21", "Lesson_16_03_21.csproj", "{E10C7145-AF6D-4047-9247-8B558F726EA0}"
EndProject
Global
	GlobalSection(SolutionConfigurationPlatforms) = preSolution
		Debug|Any CPU = Debug|Any CPU
		Release|Any CPU = Release|Any CPU
	EndGlobalSection
	GlobalSection(ProjectConfigurationPlatforms) = postSolution
		{E10C7145-AF6D-4047-9247-8B558F726EA0}.Debug|Any CPU.ActiveCfg = Debug|Any CPU
		{E10C7145-AF6D-4047-9247-8B558F726EA0}.Debug|Any CPU.Build.0 = Debug|Any CPU
		{E10C7145-AF6D-4047-9247-8B558F726EA0}.Release|Any CPU.ActiveCfg = Release|Any CPU
		{E10C7145-AF6D-4047-9247-8B558F726EA0}.Release|Any CPU.Build.0 = Release|Any CPU
	EndGlobalSection
	GlobalSection(SolutionProperties) = preSolution
		HideSolutionNode = FALSE
	EndGlobalSection
	GlobalSection(ExtensibilityGlobals) = postSolution
		SolutionGuid = {90B53835-CBDF-44BF-A0EC-DB16340C7B0A}
	EndGlobalSection
EndGlobal
