
Microsoft Visual Studio Solution File, Format Version 12.00
# Visual Studio Version 16
VisualStudioVersion = 16.0.30523.141
MinimumVisualStudioVersion = 10.0.40219.1
Project("{FAE04EC0-301F-11D3-BF4B-00C04F79EFBC}") = "Containers", "Containers.csproj", "{954E5570-6D20-46BA-957D-46652120CFC9}"
EndProject
Global
	GlobalSection(SolutionConfigurationPlatforms) = preSolution
		Debug|Any CPU = Debug|Any CPU
		Release|Any CPU = Release|Any CPU
	EndGlobalSection
	GlobalSection(ProjectConfigurationPlatforms) = postSolution
		{954E5570-6D20-46BA-957D-46652120CFC9}.Debug|Any CPU.ActiveCfg = Debug|Any CPU
		{954E5570-6D20-46BA-957D-46652120CFC9}.Debug|Any CPU.Build.0 = Debug|Any CPU
		{954E5570-6D20-46BA-957D-46652120CFC9}.Release|Any CPU.ActiveCfg = Release|Any CPU
		{954E5570-6D20-46BA-957D-46652120CFC9}.Release|Any CPU.Build.0 = Release|Any CPU
	EndGlobalSection
	GlobalSection(SolutionProperties) = preSolution
		HideSolutionNode = FALSE
	EndGlobalSection
	GlobalSection(ExtensibilityGlobals) = postSolution
		SolutionGuid = {74EE3B3B-8E07-4936-894E-5070F8FB1A74}
	EndGlobalSection
EndGlobal
