
Microsoft Visual Studio Solution File, Format Version 12.00
# Visual Studio Version 16
VisualStudioVersion = 16.0.30523.141
MinimumVisualStudioVersion = 10.0.40219.1
Project("{FAE04EC0-301F-11D3-BF4B-00C04F79EFBC}") = "Validation", "Validation.csproj", "{D7AB7095-DE6A-44BB-9E21-93C9518CC16F}"
EndProject
Global
	GlobalSection(SolutionConfigurationPlatforms) = preSolution
		Debug|Any CPU = Debug|Any CPU
		Release|Any CPU = Release|Any CPU
	EndGlobalSection
	GlobalSection(ProjectConfigurationPlatforms) = postSolution
		{D7AB7095-DE6A-44BB-9E21-93C9518CC16F}.Debug|Any CPU.ActiveCfg = Debug|Any CPU
		{D7AB7095-DE6A-44BB-9E21-93C9518CC16F}.Debug|Any CPU.Build.0 = Debug|Any CPU
		{D7AB7095-DE6A-44BB-9E21-93C9518CC16F}.Release|Any CPU.ActiveCfg = Release|Any CPU
		{D7AB7095-DE6A-44BB-9E21-93C9518CC16F}.Release|Any CPU.Build.0 = Release|Any CPU
	EndGlobalSection
	GlobalSection(SolutionProperties) = preSolution
		HideSolutionNode = FALSE
	EndGlobalSection
	GlobalSection(ExtensibilityGlobals) = postSolution
		SolutionGuid = {0E1B5BE0-9F6C-4D72-895C-3B67C43B9DD6}
	EndGlobalSection
EndGlobal
