
Microsoft Visual Studio Solution File, Format Version 12.00
# Visual Studio Version 16
VisualStudioVersion = 16.0.30413.136
MinimumVisualStudioVersion = 10.0.40219.1
Project("{FAE04EC0-301F-11D3-BF4B-00C04F79EFBC}") = "Lesson_15_09_20_API", "Lesson_15_09_20_API.csproj", "{5CEF70ED-66C4-46B1-89DA-961327D34823}"
EndProject
Global
	GlobalSection(SolutionConfigurationPlatforms) = preSolution
		Debug|Any CPU = Debug|Any CPU
		Release|Any CPU = Release|Any CPU
	EndGlobalSection
	GlobalSection(ProjectConfigurationPlatforms) = postSolution
		{5CEF70ED-66C4-46B1-89DA-961327D34823}.Debug|Any CPU.ActiveCfg = Debug|Any CPU
		{5CEF70ED-66C4-46B1-89DA-961327D34823}.Debug|Any CPU.Build.0 = Debug|Any CPU
		{5CEF70ED-66C4-46B1-89DA-961327D34823}.Release|Any CPU.ActiveCfg = Release|Any CPU
		{5CEF70ED-66C4-46B1-89DA-961327D34823}.Release|Any CPU.Build.0 = Release|Any CPU
	EndGlobalSection
	GlobalSection(SolutionProperties) = preSolution
		HideSolutionNode = FALSE
	EndGlobalSection
	GlobalSection(ExtensibilityGlobals) = postSolution
		SolutionGuid = {12FC581C-0B90-404B-922A-5EE863F74817}
	EndGlobalSection
EndGlobal
