
Microsoft Visual Studio Solution File, Format Version 12.00
# Visual Studio Version 16
VisualStudioVersion = 16.0.31424.327
MinimumVisualStudioVersion = 10.0.40219.1
Project("{FAE04EC0-301F-11D3-BF4B-00C04F79EFBC}") = "FirstApp", "FirstApp.csproj", "{585169AD-C060-45C7-A6AB-D2553C15D078}"
EndProject
Global
	GlobalSection(SolutionConfigurationPlatforms) = preSolution
		Debug|Any CPU = Debug|Any CPU
		Release|Any CPU = Release|Any CPU
	EndGlobalSection
	GlobalSection(ProjectConfigurationPlatforms) = postSolution
		{585169AD-C060-45C7-A6AB-D2553C15D078}.Debug|Any CPU.ActiveCfg = Debug|Any CPU
		{585169AD-C060-45C7-A6AB-D2553C15D078}.Debug|Any CPU.Build.0 = Debug|Any CPU
		{585169AD-C060-45C7-A6AB-D2553C15D078}.Release|Any CPU.ActiveCfg = Release|Any CPU
		{585169AD-C060-45C7-A6AB-D2553C15D078}.Release|Any CPU.Build.0 = Release|Any CPU
	EndGlobalSection
	GlobalSection(SolutionProperties) = preSolution
		HideSolutionNode = FALSE
	EndGlobalSection
	GlobalSection(ExtensibilityGlobals) = postSolution
		SolutionGuid = {7D2959CD-9B0D-49D3-BB0C-34856363CC54}
	EndGlobalSection
EndGlobal
