
Microsoft Visual Studio Solution File, Format Version 12.00
# Visual Studio Version 16
VisualStudioVersion = 16.0.31424.327
MinimumVisualStudioVersion = 10.0.40219.1
Project("{FAE04EC0-301F-11D3-BF4B-00C04F79EFBC}") = "Lesson_04_08_21", "Lesson_04_08_21.csproj", "{8599683D-BF98-4A3E-ADCA-B3AAD3787EAA}"
EndProject
Global
	GlobalSection(SolutionConfigurationPlatforms) = preSolution
		Debug|Any CPU = Debug|Any CPU
		Release|Any CPU = Release|Any CPU
	EndGlobalSection
	GlobalSection(ProjectConfigurationPlatforms) = postSolution
		{8599683D-BF98-4A3E-ADCA-B3AAD3787EAA}.Debug|Any CPU.ActiveCfg = Debug|Any CPU
		{8599683D-BF98-4A3E-ADCA-B3AAD3787EAA}.Debug|Any CPU.Build.0 = Debug|Any CPU
		{8599683D-BF98-4A3E-ADCA-B3AAD3787EAA}.Release|Any CPU.ActiveCfg = Release|Any CPU
		{8599683D-BF98-4A3E-ADCA-B3AAD3787EAA}.Release|Any CPU.Build.0 = Release|Any CPU
	EndGlobalSection
	GlobalSection(SolutionProperties) = preSolution
		HideSolutionNode = FALSE
	EndGlobalSection
	GlobalSection(ExtensibilityGlobals) = postSolution
		SolutionGuid = {F4C29B62-83D8-4A64-9DD5-806AFE6B107D}
	EndGlobalSection
EndGlobal
