
Microsoft Visual Studio Solution File, Format Version 12.00
# Visual Studio Version 16
VisualStudioVersion = 16.0.31105.61
MinimumVisualStudioVersion = 10.0.40219.1
Project("{FAE04EC0-301F-11D3-BF4B-00C04F79EFBC}") = "Lesson_08_04_21", "Lesson_08_04_21.csproj", "{F0345C3E-CC3C-4829-8A5F-0B380BDDE8FF}"
EndProject
Project("{FAE04EC0-301F-11D3-BF4B-00C04F79EFBC}") = "IPlugin", "..\IPlugin\IPlugin.csproj", "{5EBF70EF-574B-4B9F-954E-606C02CCAEA2}"
EndProject
Project("{FAE04EC0-301F-11D3-BF4B-00C04F79EFBC}") = "PluginOne", "..\PluginOne\PluginOne.csproj", "{6ABBBE28-E388-4BAF-839F-89DF9C245F00}"
EndProject
Project("{FAE04EC0-301F-11D3-BF4B-00C04F79EFBC}") = "PluginTwo", "..\PluginTwo\PluginTwo.csproj", "{95409E63-3290-4B7D-A76D-400313EF6A66}"
EndProject
Global
	GlobalSection(SolutionConfigurationPlatforms) = preSolution
		Debug|Any CPU = Debug|Any CPU
		Release|Any CPU = Release|Any CPU
	EndGlobalSection
	GlobalSection(ProjectConfigurationPlatforms) = postSolution
		{F0345C3E-CC3C-4829-8A5F-0B380BDDE8FF}.Debug|Any CPU.ActiveCfg = Debug|Any CPU
		{F0345C3E-CC3C-4829-8A5F-0B380BDDE8FF}.Debug|Any CPU.Build.0 = Debug|Any CPU
		{F0345C3E-CC3C-4829-8A5F-0B380BDDE8FF}.Release|Any CPU.ActiveCfg = Release|Any CPU
		{F0345C3E-CC3C-4829-8A5F-0B380BDDE8FF}.Release|Any CPU.Build.0 = Release|Any CPU
		{5EBF70EF-574B-4B9F-954E-606C02CCAEA2}.Debug|Any CPU.ActiveCfg = Debug|Any CPU
		{5EBF70EF-574B-4B9F-954E-606C02CCAEA2}.Debug|Any CPU.Build.0 = Debug|Any CPU
		{5EBF70EF-574B-4B9F-954E-606C02CCAEA2}.Release|Any CPU.ActiveCfg = Release|Any CPU
		{5EBF70EF-574B-4B9F-954E-606C02CCAEA2}.Release|Any CPU.Build.0 = Release|Any CPU
		{6ABBBE28-E388-4BAF-839F-89DF9C245F00}.Debug|Any CPU.ActiveCfg = Debug|Any CPU
		{6ABBBE28-E388-4BAF-839F-89DF9C245F00}.Debug|Any CPU.Build.0 = Debug|Any CPU
		{6ABBBE28-E388-4BAF-839F-89DF9C245F00}.Release|Any CPU.ActiveCfg = Release|Any CPU
		{6ABBBE28-E388-4BAF-839F-89DF9C245F00}.Release|Any CPU.Build.0 = Release|Any CPU
		{95409E63-3290-4B7D-A76D-400313EF6A66}.Debug|Any CPU.ActiveCfg = Debug|Any CPU
		{95409E63-3290-4B7D-A76D-400313EF6A66}.Debug|Any CPU.Build.0 = Debug|Any CPU
		{95409E63-3290-4B7D-A76D-400313EF6A66}.Release|Any CPU.ActiveCfg = Release|Any CPU
		{95409E63-3290-4B7D-A76D-400313EF6A66}.Release|Any CPU.Build.0 = Release|Any CPU
	EndGlobalSection
	GlobalSection(SolutionProperties) = preSolution
		HideSolutionNode = FALSE
	EndGlobalSection
	GlobalSection(ExtensibilityGlobals) = postSolution
		SolutionGuid = {35F0546E-AFB7-4EA8-B041-2F6F88C4BBDA}
	EndGlobalSection
EndGlobal
