
Microsoft Visual Studio Solution File, Format Version 12.00
# Visual Studio Version 16
VisualStudioVersion = 16.0.31205.134
MinimumVisualStudioVersion = 10.0.40219.1
Project("{FAE04EC0-301F-11D3-BF4B-00C04F79EFBC}") = "SMTP", "SMTP.csproj", "{03C5FAE2-EEFE-49A7-A6CE-B857938FB6EC}"
EndProject
Global
	GlobalSection(SolutionConfigurationPlatforms) = preSolution
		Debug|Any CPU = Debug|Any CPU
		Release|Any CPU = Release|Any CPU
	EndGlobalSection
	GlobalSection(ProjectConfigurationPlatforms) = postSolution
		{03C5FAE2-EEFE-49A7-A6CE-B857938FB6EC}.Debug|Any CPU.ActiveCfg = Debug|Any CPU
		{03C5FAE2-EEFE-49A7-A6CE-B857938FB6EC}.Debug|Any CPU.Build.0 = Debug|Any CPU
		{03C5FAE2-EEFE-49A7-A6CE-B857938FB6EC}.Release|Any CPU.ActiveCfg = Release|Any CPU
		{03C5FAE2-EEFE-49A7-A6CE-B857938FB6EC}.Release|Any CPU.Build.0 = Release|Any CPU
	EndGlobalSection
	GlobalSection(SolutionProperties) = preSolution
		HideSolutionNode = FALSE
	EndGlobalSection
	GlobalSection(ExtensibilityGlobals) = postSolution
		SolutionGuid = {322DCAD0-4943-4773-A53E-E206F04DE33F}
	EndGlobalSection
EndGlobal
