
Microsoft Visual Studio Solution File, Format Version 12.00
# Visual Studio Version 16
VisualStudioVersion = 16.0.30523.141
MinimumVisualStudioVersion = 10.0.40219.1
Project("{FAE04EC0-301F-11D3-BF4B-00C04F79EFBC}") = "MVVM Messaging", "MVVM Messaging.csproj", "{9F8A12BF-5C7F-4A51-9906-02AB7B9F1FD3}"
EndProject
Global
	GlobalSection(SolutionConfigurationPlatforms) = preSolution
		Debug|Any CPU = Debug|Any CPU
		Release|Any CPU = Release|Any CPU
	EndGlobalSection
	GlobalSection(ProjectConfigurationPlatforms) = postSolution
		{9F8A12BF-5C7F-4A51-9906-02AB7B9F1FD3}.Debug|Any CPU.ActiveCfg = Debug|Any CPU
		{9F8A12BF-5C7F-4A51-9906-02AB7B9F1FD3}.Debug|Any CPU.Build.0 = Debug|Any CPU
		{9F8A12BF-5C7F-4A51-9906-02AB7B9F1FD3}.Release|Any CPU.ActiveCfg = Release|Any CPU
		{9F8A12BF-5C7F-4A51-9906-02AB7B9F1FD3}.Release|Any CPU.Build.0 = Release|Any CPU
	EndGlobalSection
	GlobalSection(SolutionProperties) = preSolution
		HideSolutionNode = FALSE
	EndGlobalSection
	GlobalSection(ExtensibilityGlobals) = postSolution
		SolutionGuid = {70418ED3-A9AF-4733-B1A5-04756D54716C}
	EndGlobalSection
EndGlobal
