
Microsoft Visual Studio Solution File, Format Version 12.00
# Visual Studio Version 16
VisualStudioVersion = 16.0.30011.22
MinimumVisualStudioVersion = 10.0.40219.1
Project("{8BC9CEB8-8B4A-11D0-8D11-00A0C91BC942}") = "lesson_09_07_20_Inheritance", "lesson_09_07_20_Inheritance.vcxproj", "{FBB4BF69-80B5-4ECF-A3A1-292822715889}"
EndProject
Global
	GlobalSection(SolutionConfigurationPlatforms) = preSolution
		Debug|x64 = Debug|x64
		Debug|x86 = Debug|x86
		Release|x64 = Release|x64
		Release|x86 = Release|x86
	EndGlobalSection
	GlobalSection(ProjectConfigurationPlatforms) = postSolution
		{FBB4BF69-80B5-4ECF-A3A1-292822715889}.Debug|x64.ActiveCfg = Debug|x64
		{FBB4BF69-80B5-4ECF-A3A1-292822715889}.Debug|x64.Build.0 = Debug|x64
		{FBB4BF69-80B5-4ECF-A3A1-292822715889}.Debug|x86.ActiveCfg = Debug|Win32
		{FBB4BF69-80B5-4ECF-A3A1-292822715889}.Debug|x86.Build.0 = Debug|Win32
		{FBB4BF69-80B5-4ECF-A3A1-292822715889}.Release|x64.ActiveCfg = Release|x64
		{FBB4BF69-80B5-4ECF-A3A1-292822715889}.Release|x64.Build.0 = Release|x64
		{FBB4BF69-80B5-4ECF-A3A1-292822715889}.Release|x86.ActiveCfg = Release|Win32
		{FBB4BF69-80B5-4ECF-A3A1-292822715889}.Release|x86.Build.0 = Release|Win32
	EndGlobalSection
	GlobalSection(SolutionProperties) = preSolution
		HideSolutionNode = FALSE
	EndGlobalSection
	GlobalSection(ExtensibilityGlobals) = postSolution
		SolutionGuid = {907D941E-8424-4B09-A566-F71DCDD2053E}
	EndGlobalSection
EndGlobal
