
Microsoft Visual Studio Solution File, Format Version 12.00
# Visual Studio Version 16
VisualStudioVersion = 16.0.30523.141
MinimumVisualStudioVersion = 10.0.40219.1
Project("{FAE04EC0-301F-11D3-BF4B-00C04F79EFBC}") = "Lesson_07_10_20_MultiWindow", "Lesson_07_10_20_MultiWindow.csproj", "{5961E838-C3BC-433D-9E3F-D94DECA7D9D0}"
EndProject
Global
	GlobalSection(SolutionConfigurationPlatforms) = preSolution
		Debug|Any CPU = Debug|Any CPU
		Release|Any CPU = Release|Any CPU
	EndGlobalSection
	GlobalSection(ProjectConfigurationPlatforms) = postSolution
		{5961E838-C3BC-433D-9E3F-D94DECA7D9D0}.Debug|Any CPU.ActiveCfg = Debug|Any CPU
		{5961E838-C3BC-433D-9E3F-D94DECA7D9D0}.Debug|Any CPU.Build.0 = Debug|Any CPU
		{5961E838-C3BC-433D-9E3F-D94DECA7D9D0}.Release|Any CPU.ActiveCfg = Release|Any CPU
		{5961E838-C3BC-433D-9E3F-D94DECA7D9D0}.Release|Any CPU.Build.0 = Release|Any CPU
	EndGlobalSection
	GlobalSection(SolutionProperties) = preSolution
		HideSolutionNode = FALSE
	EndGlobalSection
	GlobalSection(ExtensibilityGlobals) = postSolution
		SolutionGuid = {5B6CD0A7-77DE-4E8E-94AD-49B732E1924F}
	EndGlobalSection
EndGlobal
