
Microsoft Visual Studio Solution File, Format Version 12.00
# Visual Studio Version 16
VisualStudioVersion = 16.0.31005.135
MinimumVisualStudioVersion = 10.0.40219.1
Project("{FAE04EC0-301F-11D3-BF4B-00C04F79EFBC}") = "AcademyApp", "AcademyApp.csproj", "{9944CC0F-A0AA-4180-B4EC-F50BE49D8F89}"
EndProject
Project("{FAE04EC0-301F-11D3-BF4B-00C04F79EFBC}") = "StudentApplication", "..\StudentApplication\StudentApplication.csproj", "{DAD062C9-28A3-4347-BD84-BE7EE8079066}"
EndProject
Project("{FAE04EC0-301F-11D3-BF4B-00C04F79EFBC}") = "AcademyAppGeneral", "..\AcademyAppGeneral\AcademyAppGeneral.csproj", "{137BBBAD-9539-485D-A447-EFC113D7523A}"
EndProject
Global
	GlobalSection(SolutionConfigurationPlatforms) = preSolution
		Debug|Any CPU = Debug|Any CPU
		Release|Any CPU = Release|Any CPU
	EndGlobalSection
	GlobalSection(ProjectConfigurationPlatforms) = postSolution
		{9944CC0F-A0AA-4180-B4EC-F50BE49D8F89}.Debug|Any CPU.ActiveCfg = Debug|Any CPU
		{9944CC0F-A0AA-4180-B4EC-F50BE49D8F89}.Debug|Any CPU.Build.0 = Debug|Any CPU
		{9944CC0F-A0AA-4180-B4EC-F50BE49D8F89}.Release|Any CPU.ActiveCfg = Release|Any CPU
		{9944CC0F-A0AA-4180-B4EC-F50BE49D8F89}.Release|Any CPU.Build.0 = Release|Any CPU
		{DAD062C9-28A3-4347-BD84-BE7EE8079066}.Debug|Any CPU.ActiveCfg = Debug|Any CPU
		{DAD062C9-28A3-4347-BD84-BE7EE8079066}.Debug|Any CPU.Build.0 = Debug|Any CPU
		{DAD062C9-28A3-4347-BD84-BE7EE8079066}.Release|Any CPU.ActiveCfg = Release|Any CPU
		{DAD062C9-28A3-4347-BD84-BE7EE8079066}.Release|Any CPU.Build.0 = Release|Any CPU
		{137BBBAD-9539-485D-A447-EFC113D7523A}.Debug|Any CPU.ActiveCfg = Debug|Any CPU
		{137BBBAD-9539-485D-A447-EFC113D7523A}.Debug|Any CPU.Build.0 = Debug|Any CPU
		{137BBBAD-9539-485D-A447-EFC113D7523A}.Release|Any CPU.ActiveCfg = Release|Any CPU
		{137BBBAD-9539-485D-A447-EFC113D7523A}.Release|Any CPU.Build.0 = Release|Any CPU
	EndGlobalSection
	GlobalSection(SolutionProperties) = preSolution
		HideSolutionNode = FALSE
	EndGlobalSection
	GlobalSection(ExtensibilityGlobals) = postSolution
		SolutionGuid = {20BBE7CA-E26D-4DF6-80CF-F2DFC959F8AA}
	EndGlobalSection
EndGlobal
