
Microsoft Visual Studio Solution File, Format Version 12.00
# Visual Studio Version 16
VisualStudioVersion = 16.0.31105.61
MinimumVisualStudioVersion = 10.0.40219.1
Project("{FAE04EC0-301F-11D3-BF4B-00C04F79EFBC}") = "Lesson_07_04_21", "Lesson_07_04_21.csproj", "{8F9A6CCE-8F88-48E3-955A-86959E048049}"
EndProject
Project("{FAE04EC0-301F-11D3-BF4B-00C04F79EFBC}") = "MyLib", "..\MyLib\MyLib.csproj", "{8EBD7861-083B-40AD-939A-5195DE1C3BA0}"
EndProject
Global
	GlobalSection(SolutionConfigurationPlatforms) = preSolution
		Debug|Any CPU = Debug|Any CPU
		Release|Any CPU = Release|Any CPU
	EndGlobalSection
	GlobalSection(ProjectConfigurationPlatforms) = postSolution
		{8F9A6CCE-8F88-48E3-955A-86959E048049}.Debug|Any CPU.ActiveCfg = Debug|Any CPU
		{8F9A6CCE-8F88-48E3-955A-86959E048049}.Debug|Any CPU.Build.0 = Debug|Any CPU
		{8F9A6CCE-8F88-48E3-955A-86959E048049}.Release|Any CPU.ActiveCfg = Release|Any CPU
		{8F9A6CCE-8F88-48E3-955A-86959E048049}.Release|Any CPU.Build.0 = Release|Any CPU
		{8EBD7861-083B-40AD-939A-5195DE1C3BA0}.Debug|Any CPU.ActiveCfg = Debug|Any CPU
		{8EBD7861-083B-40AD-939A-5195DE1C3BA0}.Debug|Any CPU.Build.0 = Debug|Any CPU
		{8EBD7861-083B-40AD-939A-5195DE1C3BA0}.Release|Any CPU.ActiveCfg = Release|Any CPU
		{8EBD7861-083B-40AD-939A-5195DE1C3BA0}.Release|Any CPU.Build.0 = Release|Any CPU
	EndGlobalSection
	GlobalSection(SolutionProperties) = preSolution
		HideSolutionNode = FALSE
	EndGlobalSection
	GlobalSection(ExtensibilityGlobals) = postSolution
		SolutionGuid = {F8C4FC01-97A9-4202-8595-5F9D0EA34AE0}
	EndGlobalSection
EndGlobal
