
Microsoft Visual Studio Solution File, Format Version 12.00
# Visual Studio Version 16
VisualStudioVersion = 16.0.31424.327
MinimumVisualStudioVersion = 10.0.40219.1
Project("{FAE04EC0-301F-11D3-BF4B-00C04F79EFBC}") = "AspIntro", "AspIntro.csproj", "{FC57AAF8-9EE3-4687-BD13-8CD560FCCFBD}"
EndProject
Global
	GlobalSection(SolutionConfigurationPlatforms) = preSolution
		Debug|Any CPU = Debug|Any CPU
		Release|Any CPU = Release|Any CPU
	EndGlobalSection
	GlobalSection(ProjectConfigurationPlatforms) = postSolution
		{FC57AAF8-9EE3-4687-BD13-8CD560FCCFBD}.Debug|Any CPU.ActiveCfg = Debug|Any CPU
		{FC57AAF8-9EE3-4687-BD13-8CD560FCCFBD}.Debug|Any CPU.Build.0 = Debug|Any CPU
		{FC57AAF8-9EE3-4687-BD13-8CD560FCCFBD}.Release|Any CPU.ActiveCfg = Release|Any CPU
		{FC57AAF8-9EE3-4687-BD13-8CD560FCCFBD}.Release|Any CPU.Build.0 = Release|Any CPU
	EndGlobalSection
	GlobalSection(SolutionProperties) = preSolution
		HideSolutionNode = FALSE
	EndGlobalSection
	GlobalSection(ExtensibilityGlobals) = postSolution
		SolutionGuid = {C1CB1951-B676-4097-9927-C67EFE3862CC}
	EndGlobalSection
EndGlobal
