
Microsoft Visual Studio Solution File, Format Version 12.00
# Visual Studio Version 16
VisualStudioVersion = 16.0.30523.141
MinimumVisualStudioVersion = 10.0.40219.1
Project("{FAE04EC0-301F-11D3-BF4B-00C04F79EFBC}") = "Memento", "Memento.csproj", "{AB979973-2EF7-40CC-9916-4F5A9696967E}"
EndProject
Global
	GlobalSection(SolutionConfigurationPlatforms) = preSolution
		Debug|Any CPU = Debug|Any CPU
		Release|Any CPU = Release|Any CPU
	EndGlobalSection
	GlobalSection(ProjectConfigurationPlatforms) = postSolution
		{AB979973-2EF7-40CC-9916-4F5A9696967E}.Debug|Any CPU.ActiveCfg = Debug|Any CPU
		{AB979973-2EF7-40CC-9916-4F5A9696967E}.Debug|Any CPU.Build.0 = Debug|Any CPU
		{AB979973-2EF7-40CC-9916-4F5A9696967E}.Release|Any CPU.ActiveCfg = Release|Any CPU
		{AB979973-2EF7-40CC-9916-4F5A9696967E}.Release|Any CPU.Build.0 = Release|Any CPU
	EndGlobalSection
	GlobalSection(SolutionProperties) = preSolution
		HideSolutionNode = FALSE
	EndGlobalSection
	GlobalSection(ExtensibilityGlobals) = postSolution
		SolutionGuid = {15853E0B-0E22-46E0-A6BE-846AD62064DA}
	EndGlobalSection
EndGlobal
